
Microsoft Visual Studio Solution File, Format Version 12.00
# Visual Studio Version 17
VisualStudioVersion = 17.5.33414.496
MinimumVisualStudioVersion = 10.0.40219.1
Project("{FAE04EC0-301F-11D3-BF4B-00C04F79EFBC}") = "array controls", "array controls\array controls.csproj", "{66E8553F-D186-49E5-B5DD-65DD96AF4547}"
EndProject
Global
	GlobalSection(SolutionConfigurationPlatforms) = preSolution
		Debug|Any CPU = Debug|Any CPU
		Release|Any CPU = Release|Any CPU
	EndGlobalSection
	GlobalSection(ProjectConfigurationPlatforms) = postSolution
		{66E8553F-D186-49E5-B5DD-65DD96AF4547}.Debug|Any CPU.ActiveCfg = Debug|Any CPU
		{66E8553F-D186-49E5-B5DD-65DD96AF4547}.Debug|Any CPU.Build.0 = Debug|Any CPU
		{66E8553F-D186-49E5-B5DD-65DD96AF4547}.Release|Any CPU.ActiveCfg = Release|Any CPU
		{66E8553F-D186-49E5-B5DD-65DD96AF4547}.Release|Any CPU.Build.0 = Release|Any CPU
	EndGlobalSection
	GlobalSection(SolutionProperties) = preSolution
		HideSolutionNode = FALSE
	EndGlobalSection
	GlobalSection(ExtensibilityGlobals) = postSolution
		SolutionGuid = {C8DD4141-7783-4934-BD72-D7DD7D17F514}
	EndGlobalSection
EndGlobal
